
Microsoft Visual Studio Solution File, Format Version 12.00
# Visual Studio Version 17
VisualStudioVersion = 17.1.31911.260
MinimumVisualStudioVersion = 10.0.40219.1
Project("{9A19103F-16F7-4668-BE54-9A1E7A4F7556}") = "Problems", "Problems.csproj", "{FC7E7F3E-D2B5-45A3-A88A-1066FD042804}"
EndProject
Global
	GlobalSection(SolutionConfigurationPlatforms) = preSolution
		Debug|Any CPU = Debug|Any CPU
		Release|Any CPU = Release|Any CPU
	EndGlobalSection
	GlobalSection(ProjectConfigurationPlatforms) = postSolution
		{FC7E7F3E-D2B5-45A3-A88A-1066FD042804}.Debug|Any CPU.ActiveCfg = Debug|Any CPU
		{FC7E7F3E-D2B5-45A3-A88A-1066FD042804}.Debug|Any CPU.Build.0 = Debug|Any CPU
		{FC7E7F3E-D2B5-45A3-A88A-1066FD042804}.Release|Any CPU.ActiveCfg = Release|Any CPU
		{FC7E7F3E-D2B5-45A3-A88A-1066FD042804}.Release|Any CPU.Build.0 = Release|Any CPU
	EndGlobalSection
	GlobalSection(SolutionProperties) = preSolution
		HideSolutionNode = FALSE
	EndGlobalSection
	GlobalSection(ExtensibilityGlobals) = postSolution
		SolutionGuid = {B68375E9-F4FD-4925-87B9-6DB4460150AC}
	EndGlobalSection
EndGlobal
